
Microsoft Visual Studio Solution File, Format Version 12.00
# Visual Studio Version 16
VisualStudioVersion = 16.0.29519.181
MinimumVisualStudioVersion = 10.0.40219.1
Project("{9A19103F-16F7-4668-BE54-9A1E7A4F7556}") = "FPL", "FPL.csproj", "{22F7AC96-D8B6-4FA1-AE58-9713CE38DDFB}"
EndProject
Global
	GlobalSection(SolutionConfigurationPlatforms) = preSolution
		Debug|Any CPU = Debug|Any CPU
		Release|Any CPU = Release|Any CPU
	EndGlobalSection
	GlobalSection(ProjectConfigurationPlatforms) = postSolution
		{22F7AC96-D8B6-4FA1-AE58-9713CE38DDFB}.Debug|Any CPU.ActiveCfg = Debug|Any CPU
		{22F7AC96-D8B6-4FA1-AE58-9713CE38DDFB}.Debug|Any CPU.Build.0 = Debug|Any CPU
		{22F7AC96-D8B6-4FA1-AE58-9713CE38DDFB}.Release|Any CPU.ActiveCfg = Release|Any CPU
		{22F7AC96-D8B6-4FA1-AE58-9713CE38DDFB}.Release|Any CPU.Build.0 = Release|Any CPU
	EndGlobalSection
	GlobalSection(SolutionProperties) = preSolution
		HideSolutionNode = FALSE
	EndGlobalSection
	GlobalSection(ExtensibilityGlobals) = postSolution
		SolutionGuid = {99FFD75E-C576-4148-90E6-78B19C9EF55A}
	EndGlobalSection
EndGlobal
